
Microsoft Visual Studio Solution File, Format Version 12.00
# Visual Studio 15
VisualStudioVersion = 15.0.28307.1800
MinimumVisualStudioVersion = 10.0.40219.1
Project("{FAE04EC0-301F-11D3-BF4B-00C04F79EFBC}") = "Fluid Volume Calculation", "Fluid Volume Calculation\Fluid Volume Calculation.csproj", "{5E4F08C1-01AB-4CB8-965F-2013157AE146}"
EndProject
Global
	GlobalSection(SolutionConfigurationPlatforms) = preSolution
		Debug|Any CPU = Debug|Any CPU
		Release|Any CPU = Release|Any CPU
	EndGlobalSection
	GlobalSection(ProjectConfigurationPlatforms) = postSolution
		{5E4F08C1-01AB-4CB8-965F-2013157AE146}.Debug|Any CPU.ActiveCfg = Debug|Any CPU
		{5E4F08C1-01AB-4CB8-965F-2013157AE146}.Debug|Any CPU.Build.0 = Debug|Any CPU
		{5E4F08C1-01AB-4CB8-965F-2013157AE146}.Release|Any CPU.ActiveCfg = Release|Any CPU
		{5E4F08C1-01AB-4CB8-965F-2013157AE146}.Release|Any CPU.Build.0 = Release|Any CPU
	EndGlobalSection
	GlobalSection(SolutionProperties) = preSolution
		HideSolutionNode = FALSE
	EndGlobalSection
	GlobalSection(ExtensibilityGlobals) = postSolution
		SolutionGuid = {45893466-D1EE-4F51-BD79-E479D54DCA10}
	EndGlobalSection
EndGlobal
